<Project xmlns="http://schemas.microsoft.com/developer/msbuild/2003">
    <PropertyGroup>
        <ProjectGuid>{5C1D6C2B-7134-4F8D-988E-46B641B556C8}</ProjectGuid>
        <ProjectVersion>20.3</ProjectVersion>
        <FrameworkType>FMX</FrameworkType>
        <MainSource>ThemeUiDesignTest.dpr</MainSource>
        <Base>True</Base>
        <Config Condition="'$(Config)'==''">Debug</Config>
        <TargetedPlatforms>3</TargetedPlatforms>
        <AppType>Application</AppType>
    </PropertyGroup>
    <PropertyGroup Condition="'$(Base)'!=''">
        <DCC_Namespace>System;Xml;Data;Datasnap;Web;Soap;FMX;$(DCC_Namespace)</DCC_Namespace>
        <DCC_UnitSearchPath>.;..\..\src;$(DCC_UnitSearchPath)</DCC_UnitSearchPath>
        <DCC_UsePackage>bindcompfmx;fmx;rtl;xmlrtl;inet;$(DCC_UsePackage)</DCC_UsePackage>
    </PropertyGroup>
    <PropertyGroup Condition="'$(Platform)'=='Win64'">
        <DCC_ExeOutput>bin\Win64</DCC_ExeOutput>
        <DCC_DcuOutput>dcu\Win64</DCC_DcuOutput>
    </PropertyGroup>
    <PropertyGroup Condition="'$(Platform)'=='Win32'">
        <DCC_ExeOutput>bin\Win32</DCC_ExeOutput>
        <DCC_DcuOutput>dcu\Win32</DCC_DcuOutput>
    </PropertyGroup>
    <PropertyGroup Condition="'$(Cfg_1)'!=''">
        <Version>7.0</Version>
        <DCC_DebugInformation>true</DCC_DebugInformation>
        <DCC_LocalDebugSymbols>true</DCC_LocalDebugSymbols>
        <DCC_Define>DEBUG;$(DCC_Define)</DCC_Define>
    </PropertyGroup>
    <PropertyGroup Condition="'$(Cfg_2)'!=''">
        <Version>7.0</Version>
        <DCC_DebugInformation>false</DCC_DebugInformation>
        <DCC_LocalDebugSymbols>false</DCC_LocalDebugSymbols>
        <DCC_Define>RELEASE;$(DCC_Define)</DCC_Define>
    </PropertyGroup>
    <ItemGroup>
        <DelphiCompile Include="$(MainSource)">
            <MainSource>MainSource</MainSource>
        </DelphiCompile>
        <DCCReference Include="ThemeUiDesignTest.MainForm.pas">
            <Form>ThemeUiDesignTestForm</Form>
        </DCCReference>
        <DCCReference Include="ThemeUiDesignTest.MainForm.fmx"/>
        <BuildConfiguration Include="Release">
            <Key>Cfg_2</Key>
            <CfgParent>Base</CfgParent>
        </BuildConfiguration>
        <BuildConfiguration Include="Debug">
            <Key>Cfg_1</Key>
            <CfgParent>Base</CfgParent>
        </BuildConfiguration>
    </ItemGroup>
    <Import Project="$(BDS)\Bin\CodeGear.Delphi.Targets"/>
</Project>
